// !$*UTF8*$!
{
	archiveVersion = 1;
	classes = {
	};
	objectVersion = 56;
	objects = {

/* Begin PBXBuildFile section */
		04F8A5272A1EFAB100ED8E50 /* ALP_CHASE_SEApp.swift in Sources */ = {isa = PBXBuildFile; fileRef = 04F8A5262A1EFAB100ED8E50 /* ALP_CHASE_SEApp.swift */; };
		04F8A5292A1EFAB100ED8E50 /* ContentView.swift in Sources */ = {isa = PBXBuildFile; fileRef = 04F8A5282A1EFAB100ED8E50 /* ContentView.swift */; };
		04F8A52B2A1EFAB400ED8E50 /* Assets.xcassets in Resources */ = {isa = PBXBuildFile; fileRef = 04F8A52A2A1EFAB400ED8E50 /* Assets.xcassets */; };
		04F8A52E2A1EFAB400ED8E50 /* Preview Assets.xcassets in Resources */ = {isa = PBXBuildFile; fileRef = 04F8A52D2A1EFAB400ED8E50 /* Preview Assets.xcassets */; };
		04F8A5302A1EFAB400ED8E50 /* Persistence.swift in Sources */ = {isa = PBXBuildFile; fileRef = 04F8A52F2A1EFAB400ED8E50 /* Persistence.swift */; };
		04F8A5332A1EFAB400ED8E50 /* ALP_CHASE_SE.xcdatamodeld in Sources */ = {isa = PBXBuildFile; fileRef = 04F8A5312A1EFAB400ED8E50 /* ALP_CHASE_SE.xcdatamodeld */; };
/* End PBXBuildFile section */

/* Begin PBXFileReference section */
		04F8A5232A1EFAB100ED8E50 /* ALP_CHASE_SE.app */ = {isa = PBXFileReference; explicitFileType = wrapper.application; includeInIndex = 0; path = ALP_CHASE_SE.app; sourceTree = BUILT_PRODUCTS_DIR; };
		04F8A5262A1EFAB100ED8E50 /* ALP_CHASE_SEApp.swift */ = {isa = PBXFileReference; lastKnownFileType = sourcecode.swift; path = ALP_CHASE_SEApp.swift; sourceTree = "<group>"; };
		04F8A5282A1EFAB100ED8E50 /* ContentView.swift */ = {isa = PBXFileReference; lastKnownFileType = sourcecode.swift; path = ContentView.swift; sourceTree = "<group>"; };
		04F8A52A2A1EFAB400ED8E50 /* Assets.xcassets */ = {isa = PBXFileReference; lastKnownFileType = folder.assetcatalog; path = Assets.xcassets; sourceTree = "<group>"; };
		04F8A52D2A1EFAB400ED8E50 /* Preview Assets.xcassets */ = {isa = PBXFileReference; lastKnownFileType = folder.assetcatalog; path = "Preview Assets.xcassets"; sourceTree = "<group>"; };
		04F8A52F2A1EFAB400ED8E50 /* Persistence.swift */ = {isa = PBXFileReference; lastKnownFileType = sourcecode.swift; path = Persistence.swift; sourceTree = "<group>"; };
		04F8A5322A1EFAB400ED8E50 /* ALP_CHASE_SE.xcdatamodel */ = {isa = PBXFileReference; lastKnownFileType = wrapper.xcdatamodel; path = ALP_CHASE_SE.xcdatamodel; sourceTree = "<group>"; };
/* End PBXFileReference section */

/* Begin PBXFrameworksBuildPhase section */
		04F8A5202A1EFAB100ED8E50 /* Frameworks */ = {
			isa = PBXFrameworksBuildPhase;
			buildActionMask = 2147483647;
			files = (
			);
			runOnlyForDeploymentPostprocessing = 0;
		};
/* End PBXFrameworksBuildPhase section */

/* Begin PBXGroup section */
		04F8A51A2A1EFAB100ED8E50 = {
			isa = PBXGroup;
			children = (
				04F8A5252A1EFAB100ED8E50 /* ALP_CHASE_SE */,
				04F8A5242A1EFAB100ED8E50 /* Products */,
			);
			sourceTree = "<group>";
		};
		04F8A5242A1EFAB100ED8E50 /* Products */ = {
			isa = PBXGroup;
			children = (
				04F8A5232A1EFAB100ED8E50 /* ALP_CHASE_SE.app */,
			);
			name = Products;
			sourceTree = "<group>";
		};
		04F8A5252A1EFAB100ED8E50 /* ALP_CHASE_SE */ = {
			isa = PBXGroup;
			children = (
				04F8A5262A1EFAB100ED8E50 /* ALP_CHASE_SEApp.swift */,
				04F8A5282A1EFAB100ED8E50 /* ContentView.swift */,
				04F8A52A2A1EFAB400ED8E50 /* Assets.xcassets */,
				04F8A52F2A1EFAB400ED8E50 /* Persistence.swift */,
				04F8A5312A1EFAB400ED8E50 /* ALP_CHASE_SE.xcdatamodeld */,
				04F8A52C2A1EFAB400ED8E50 /* Preview Content */,
			);
			path = ALP_CHASE_SE;
			sourceTree = "<group>";
		};
		04F8A52C2A1EFAB400ED8E50 /* Preview Content */ = {
			isa = PBXGroup;
			children = (
				04F8A52D2A1EFAB400ED8E50 /* Preview Assets.xcassets */,
			);
			path = "Preview Content";
			sourceTree = "<group>";
		};
/* End PBXGroup section */

/* Begin PBXNativeTarget section */
		04F8A5222A1EFAB100ED8E50 /* ALP_CHASE_SE */ = {
			isa = PBXNativeTarget;
			buildConfigurationList = 04F8A5362A1EFAB400ED8E50 /* Build configuration list for PBXNativeTarget "ALP_CHASE_SE" */;
			buildPhases = (
				04F8A51F2A1EFAB100ED8E50 /* Sources */,
				04F8A5202A1EFAB100ED8E50 /* Frameworks */,
				04F8A5212A1EFAB100ED8E50 /* Resources */,
			);
			buildRules = (
			);
			dependencies = (
			);
			name = ALP_CHASE_SE;
			productName = ALP_CHASE_SE;
			productReference = 04F8A5232A1EFAB100ED8E50 /* ALP_CHASE_SE.app */;
			productType = "com.apple.product-type.application";
		};
/* End PBXNativeTarget section */

/* Begin PBXProject section */
		04F8A51B2A1EFAB100ED8E50 /* Project object */ = {
			isa = PBXProject;
			attributes = {
				BuildIndependentTargetsInParallel = 1;
				LastSwiftUpdateCheck = 1430;
				LastUpgradeCheck = 1430;
				TargetAttributes = {
					04F8A5222A1EFAB100ED8E50 = {
						CreatedOnToolsVersion = 14.3;
					};
				};
			};
			buildConfigurationList = 04F8A51E2A1EFAB100ED8E50 /* Build configuration list for PBXProject "ALP_CHASE_SE" */;
			compatibilityVersion = "Xcode 14.0";
			developmentRegion = en;
			hasScannedForEncodings = 0;
			knownRegions = (
				en,
				Base,
			);
			mainGroup = 04F8A51A2A1EFAB100ED8E50;
			productRefGroup = 04F8A5242A1EFAB100ED8E50 /* Products */;
			projectDirPath = "";
			projectRoot = "";
			targets = (
				04F8A5222A1EFAB100ED8E50 /* ALP_CHASE_SE */,
			);
		};
/* End PBXProject section */

/* Begin PBXResourcesBuildPhase section */
		04F8A5212A1EFAB100ED8E50 /* Resources */ = {
			isa = PBXResourcesBuildPhase;
			buildActionMask = 2147483647;
			files = (
				04F8A52E2A1EFAB400ED8E50 /* Preview Assets.xcassets in Resources */,
				04F8A52B2A1EFAB400ED8E50 /* Assets.xcassets in Resources */,
			);
			runOnlyForDeploymentPostprocessing = 0;
		};
/* End PBXResourcesBuildPhase section */

/* Begin PBXSourcesBuildPhase section */
		04F8A51F2A1EFAB100ED8E50 /* Sources */ = {
			isa = PBXSourcesBuildPhase;
			buildActionMask = 2147483647;
			files = (
				04F8A5332A1EFAB400ED8E50 /* ALP_CHASE_SE.xcdatamodeld in Sources */,
				04F8A5302A1EFAB400ED8E50 /* Persistence.swift in Sources */,
				04F8A5292A1EFAB100ED8E50 /* ContentView.swift in Sources */,
				04F8A5272A1EFAB100ED8E50 /* ALP_CHASE_SEApp.swift in Sources */,
			);
			runOnlyForDeploymentPostprocessing = 0;
		};
/* End PBXSourcesBuildPhase section */

/* Begin XCBuildConfiguration section */
		04F8A5342A1EFAB400ED8E50 /* Debug */ = {
			isa = XCBuildConfiguration;
			buildSettings = {
				ALWAYS_SEARCH_USER_PATHS = NO;
				CLANG_ANALYZER_NONNULL = YES;
				CLANG_ANALYZER_NUMBER_OBJECT_CONVERSION = YES_AGGRESSIVE;
				CLANG_CXX_LANGUAGE_STANDARD = "gnu++20";
				CLANG_ENABLE_MODULES = YES;
				CLANG_ENABLE_OBJC_ARC = YES;
				CLANG_ENABLE_OBJC_WEAK = YES;
				CLANG_WARN_BLOCK_CAPTURE_AUTORELEASING = YES;
				CLANG_WARN_BOOL_CONVERSION = YES;
				CLANG_WARN_COMMA = YES;
				CLANG_WARN_CONSTANT_CONVERSION = YES;
				CLANG_WARN_DEPRECATED_OBJC_IMPLEMENTATIONS = YES;
				CLANG_WARN_DIRECT_OBJC_ISA_USAGE = YES_ERROR;
				CLANG_WARN_DOCUMENTATION_COMMENTS = YES;
				CLANG_WARN_EMPTY_BODY = YES;
				CLANG_WARN_ENUM_CONVERSION = YES;
				CLANG_WARN_INFINITE_RECURSION = YES;
				CLANG_WARN_INT_CONVERSION = YES;
				CLANG_WARN_NON_LITERAL_NULL_CONVERSION = YES;
				CLANG_WARN_OBJC_IMPLICIT_RETAIN_SELF = YES;
				CLANG_WARN_OBJC_LITERAL_CONVERSION = YES;
				CLANG_WARN_OBJC_ROOT_CLASS = YES_ERROR;
				CLANG_WARN_QUOTED_INCLUDE_IN_FRAMEWORK_HEADER = YES;
				CLANG_WARN_RANGE_LOOP_ANALYSIS = YES;
				CLANG_WARN_STRICT_PROTOTYPES = YES;
				CLANG_WARN_SUSPICIOUS_MOVE = YES;
				CLANG_WARN_UNGUARDED_AVAILABILITY = YES_AGGRESSIVE;
				CLANG_WARN_UNREACHABLE_CODE = YES;
				CLANG_WARN__DUPLICATE_METHOD_MATCH = YES;
				COPY_PHASE_STRIP = NO;
				DEBUG_INFORMATION_FORMAT = dwarf;
				ENABLE_STRICT_OBJC_MSGSEND = YES;
				ENABLE_TESTABILITY = YES;
				GCC_C_LANGUAGE_STANDARD = gnu11;
				GCC_DYNAMIC_NO_PIC = NO;
				GCC_NO_COMMON_BLOCKS = YES;
				GCC_OPTIMIZATION_LEVEL = 0;
				GCC_PREPROCESSOR_DEFINITIONS = (
					"DEBUG=1",
					"$(inherited)",
				);
				GCC_WARN_64_TO_32_BIT_CONVERSION = YES;
				GCC_WARN_ABOUT_RETURN_TYPE = YES_ERROR;
				GCC_WARN_UNDECLARED_SELECTOR = YES;
				GCC_WARN_UNINITIALIZED_AUTOS = YES_AGGRESSIVE;
				GCC_WARN_UNUSED_FUNCTION = YES;
				GCC_WARN_UNUSED_VARIABLE = YES;
				IPHONEOS_DEPLOYMENT_TARGET = 16.4;
				MTL_ENABLE_DEBUG_INFO = INCLUDE_SOURCE;
				MTL_FAST_MATH = YES;
				ONLY_ACTIVE_ARCH = YES;
				SDKROOT = iphoneos;
				SWIFT_ACTIVE_COMPILATION_CONDITIONS = DEBUG;
				SWIFT_OPTIMIZATION_LEVEL = "-Onone";
			};
			name = Debug;
		};
		04F8A5352A1EFAB400ED8E50 /* Release */ = {
			isa = XCBuildConfiguration;
			buildSettings = {
				ALWAYS_SEARCH_USER_PATHS = NO;
				CLANG_ANALYZER_NONNULL = YES;
				CLANG_ANALYZER_NUMBER_OBJECT_CONVERSION = YES_AGGRESSIVE;
				CLANG_CXX_LANGUAGE_STANDARD = "gnu++20";
				CLANG_ENABLE_MODULES = YES;
				CLANG_ENABLE_OBJC_ARC = YES;
				CLANG_ENABLE_OBJC_WEAK = YES;
				CLANG_WARN_BLOCK_CAPTURE_AUTORELEASING = YES;
				CLANG_WARN_BOOL_CONVERSION = YES;
				CLANG_WARN_COMMA = YES;
				CLANG_WARN_CONSTANT_CONVERSION = YES;
				CLANG_WARN_DEPRECATED_OBJC_IMPLEMENTATIONS = YES;
				CLANG_WARN_DIRECT_OBJC_ISA_USAGE = YES_ERROR;
				CLANG_WARN_DOCUMENTATION_COMMENTS = YES;
				CLANG_WARN_EMPTY_BODY = YES;
				CLANG_WARN_ENUM_CONVERSION = YES;
				CLANG_WARN_INFINITE_RECURSION = YES;
				CLANG_WARN_INT_CONVERSION = YES;
				CLANG_WARN_NON_LITERAL_NULL_CONVERSION = YES;
				CLANG_WARN_OBJC_IMPLICIT_RETAIN_SELF = YES;
				CLANG_WARN_OBJC_LITERAL_CONVERSION = YES;
				CLANG_WARN_OBJC_ROOT_CLASS = YES_ERROR;
				CLANG_WARN_QUOTED_INCLUDE_IN_FRAMEWORK_HEADER = YES;
				CLANG_WARN_RANGE_LOOP_ANALYSIS = YES;
				CLANG_WARN_STRICT_PROTOTYPES = YES;
				CLANG_WARN_SUSPICIOUS_MOVE = YES;
				CLANG_WARN_UNGUARDED_AVAILABILITY = YES_AGGRESSIVE;
				CLANG_WARN_UNREACHABLE_CODE = YES;
				CLANG_WARN__DUPLICATE_METHOD_MATCH = YES;
				COPY_PHASE_STRIP = NO;
				DEBUG_INFORMATION_FORMAT = "dwarf-with-dsym";
				ENABLE_NS_ASSERTIONS = NO;
				ENABLE_STRICT_OBJC_MSGSEND = YES;
				GCC_C_LANGUAGE_STANDARD = gnu11;
				GCC_NO_COMMON_BLOCKS = YES;
				GCC_WARN_64_TO_32_BIT_CONVERSION = YES;
				GCC_WARN_ABOUT_RETURN_TYPE = YES_ERROR;
				GCC_WARN_UNDECLARED_SELECTOR = YES;
				GCC_WARN_UNINITIALIZED_AUTOS = YES_AGGRESSIVE;
				GCC_WARN_UNUSED_FUNCTION = YES;
				GCC_WARN_UNUSED_VARIABLE = YES;
				IPHONEOS_DEPLOYMENT_TARGET = 16.4;
				MTL_ENABLE_DEBUG_INFO = NO;
				MTL_FAST_MATH = YES;
				SDKROOT = iphoneos;
				SWIFT_COMPILATION_MODE = wholemodule;
				SWIFT_OPTIMIZATION_LEVEL = "-O";
				VALIDATE_PRODUCT = YES;
			};
			name = Release;
		};
		04F8A5372A1EFAB400ED8E50 /* Debug */ = {
			isa = XCBuildConfiguration;
			buildSettings = {
				ASSETCATALOG_COMPILER_APPICON_NAME = AppIcon;
				ASSETCATALOG_COMPILER_GLOBAL_ACCENT_COLOR_NAME = AccentColor;
				CODE_SIGN_STYLE = Automatic;
				CURRENT_PROJECT_VERSION = 1;
				DEVELOPMENT_ASSET_PATHS = "\"ALP_CHASE_SE/Preview Content\"";
				DEVELOPMENT_TEAM = RSBCF2NM6N;
				ENABLE_PREVIEWS = YES;
				GENERATE_INFOPLIST_FILE = YES;
				INFOPLIST_KEY_UIApplicationSceneManifest_Generation = YES;
				INFOPLIST_KEY_UIApplicationSupportsIndirectInputEvents = YES;
				INFOPLIST_KEY_UILaunchScreen_Generation = YES;
				INFOPLIST_KEY_UISupportedInterfaceOrientations_iPad = "UIInterfaceOrientationPortrait UIInterfaceOrientationPortraitUpsideDown UIInterfaceOrientationLandscapeLeft UIInterfaceOrientationLandscapeRight";
				INFOPLIST_KEY_UISupportedInterfaceOrientations_iPhone = "UIInterfaceOrientationPortrait UIInterfaceOrientationLandscapeLeft UIInterfaceOrientationLandscapeRight";
				LD_RUNPATH_SEARCH_PATHS = (
					"$(inherited)",
					"@executable_path/Frameworks",
				);
				MARKETING_VERSION = 1.0;
				PRODUCT_BUNDLE_IDENTIFIER = "dylan.ALP-CHASE-SE";
				PRODUCT_NAME = "$(TARGET_NAME)";
				SWIFT_EMIT_LOC_STRINGS = YES;
				SWIFT_VERSION = 5.0;
				TARGETED_DEVICE_FAMILY = "1,2";
			};
			name = Debug;
		};
		04F8A5382A1EFAB400ED8E50 /* Release */ = {
			isa = XCBuildConfiguration;
			buildSettings = {
				ASSETCATALOG_COMPILER_APPICON_NAME = AppIcon;
				ASSETCATALOG_COMPILER_GLOBAL_ACCENT_COLOR_NAME = AccentColor;
				CODE_SIGN_STYLE = Automatic;
				CURRENT_PROJECT_VERSION = 1;
				DEVELOPMENT_ASSET_PATHS = "\"ALP_CHASE_SE/Preview Content\"";
				DEVELOPMENT_TEAM = RSBCF2NM6N;
				ENABLE_PREVIEWS = YES;
				GENERATE_INFOPLIST_FILE = YES;
				INFOPLIST_KEY_UIApplicationSceneManifest_Generation = YES;
				INFOPLIST_KEY_UIApplicationSupportsIndirectInputEvents = YES;
				INFOPLIST_KEY_UILaunchScreen_Generation = YES;
				INFOPLIST_KEY_UISupportedInterfaceOrientations_iPad = "UIInterfaceOrientationPortrait UIInterfaceOrientationPortraitUpsideDown UIInterfaceOrientationLandscapeLeft UIInterfaceOrientationLandscapeRight";
				INFOPLIST_KEY_UISupportedInterfaceOrientations_iPhone = "UIInterfaceOrientationPortrait UIInterfaceOrientationLandscapeLeft UIInterfaceOrientationLandscapeRight";
				LD_RUNPATH_SEARCH_PATHS = (
					"$(inherited)",
					"@executable_path/Frameworks",
				);
				MARKETING_VERSION = 1.0;
				PRODUCT_BUNDLE_IDENTIFIER = "dylan.ALP-CHASE-SE";
				PRODUCT_NAME = "$(TARGET_NAME)";
				SWIFT_EMIT_LOC_STRINGS = YES;
				SWIFT_VERSION = 5.0;
				TARGETED_DEVICE_FAMILY = "1,2";
			};
			name = Release;
		};
/* End XCBuildConfiguration section */

/* Begin XCConfigurationList section */
		04F8A51E2A1EFAB100ED8E50 /* Build configuration list for PBXProject "ALP_CHASE_SE" */ = {
			isa = XCConfigurationList;
			buildConfigurations = (
				04F8A5342A1EFAB400ED8E50 /* Debug */,
				04F8A5352A1EFAB400ED8E50 /* Release */,
			);
			defaultConfigurationIsVisible = 0;
			defaultConfigurationName = Release;
		};
		04F8A5362A1EFAB400ED8E50 /* Build configuration list for PBXNativeTarget "ALP_CHASE_SE" */ = {
			isa = XCConfigurationList;
			buildConfigurations = (
				04F8A5372A1EFAB400ED8E50 /* Debug */,
				04F8A5382A1EFAB400ED8E50 /* Release */,
			);
			defaultConfigurationIsVisible = 0;
			defaultConfigurationName = Release;
		};
/* End XCConfigurationList section */

/* Begin XCVersionGroup section */
		04F8A5312A1EFAB400ED8E50 /* ALP_CHASE_SE.xcdatamodeld */ = {
			isa = XCVersionGroup;
			children = (
				04F8A5322A1EFAB400ED8E50 /* ALP_CHASE_SE.xcdatamodel */,
			);
			currentVersion = 04F8A5322A1EFAB400ED8E50 /* ALP_CHASE_SE.xcdatamodel */;
			path = ALP_CHASE_SE.xcdatamodeld;
			sourceTree = "<group>";
			versionGroupType = wrapper.xcdatamodel;
		};
/* End XCVersionGroup section */
	};
	rootObject = 04F8A51B2A1EFAB100ED8E50 /* Project object */;
}
